
Microsoft Visual Studio Solution File, Format Version 12.00
# Visual Studio Version 17
VisualStudioVersion = 17.5.33530.505
MinimumVisualStudioVersion = 10.0.40219.1
Project("{FAE04EC0-301F-11D3-BF4B-00C04F79EFBC}") = "MainProj", "MainProj\MainProj.csproj", "{42BA26E7-D0CC-4202-B8C4-BE094939F1C5}"
EndProject
Global
	GlobalSection(SolutionConfigurationPlatforms) = preSolution
		Debug|Any CPU = Debug|Any CPU
		Release|Any CPU = Release|Any CPU
	EndGlobalSection
	GlobalSection(ProjectConfigurationPlatforms) = postSolution
		{42BA26E7-D0CC-4202-B8C4-BE094939F1C5}.Debug|Any CPU.ActiveCfg = Debug|Any CPU
		{42BA26E7-D0CC-4202-B8C4-BE094939F1C5}.Debug|Any CPU.Build.0 = Debug|Any CPU
		{42BA26E7-D0CC-4202-B8C4-BE094939F1C5}.Release|Any CPU.ActiveCfg = Release|Any CPU
		{42BA26E7-D0CC-4202-B8C4-BE094939F1C5}.Release|Any CPU.Build.0 = Release|Any CPU
	EndGlobalSection
	GlobalSection(SolutionProperties) = preSolution
		HideSolutionNode = FALSE
	EndGlobalSection
	GlobalSection(ExtensibilityGlobals) = postSolution
		SolutionGuid = {588852C3-73C2-4D03-B6C9-F1BEB22F479A}
	EndGlobalSection
EndGlobal
